Microsoft Visual Studio Solution File, Format Version 11.00
# Visual Studio 2010
Project("{FAE04EC0-301F-11D3-BF4B-00C04F79EFBC}") = "AviationInstruments", "AviationInstruments\AviationInstruments.csproj", "{A61853C5-1CFE-4858-9D4E-11C1D2622034}"
EndProject
Project("{FAE04EC0-301F-11D3-BF4B-00C04F79EFBC}") = "ARDroneUI_WPF", "ARDroneUI_WPF\ARDroneUI_WPF.csproj", "{44DC5DDE-7EFF-459C-B5A1-993F5C886496}"
	ProjectSection(ProjectDependencies) = postProject
		{104C0B70-4D35-4090-942A-9223222D0E6C} = {104C0B70-4D35-4090-942A-9223222D0E6C}
		{A61853C5-1CFE-4858-9D4E-11C1D2622034} = {A61853C5-1CFE-4858-9D4E-11C1D2622034}
		{92277DFC-0D55-4998-8ACF-B01F3A7FB508} = {92277DFC-0D55-4998-8ACF-B01F3A7FB508}
	EndProjectSection
EndProject
Project("{FAE04EC0-301F-11D3-BF4B-00C04F79EFBC}") = "ARDroneControlLibrary", "ARDroneControlLibrary\ARDroneControlLibrary.csproj", "{92277DFC-0D55-4998-8ACF-B01F3A7FB508}"
EndProject
Project("{FAE04EC0-301F-11D3-BF4B-00C04F79EFBC}") = "ARDroneInput", "ARDroneInput\ARDroneInput.csproj", "{104C0B70-4D35-4090-942A-9223222D0E6C}"
EndProject
Project("{2150E333-8FDC-42A3-9474-1A3956D46DE8}") = "Solution Items", "Solution Items", "{7885A062-281E-475D-AE00-54D56221F433}"
	ProjectSection(SolutionItems) = preProject
		GNU GPL.txt = GNU GPL.txt
		LibraryLicenses.txt = LibraryLicenses.txt
		ParrotCopyrightAndDisclaimer.txt = ParrotCopyrightAndDisclaimer.txt
		ParrotLicense.txt = ParrotLicense.txt
		Readme.txt = Readme.txt
	EndProjectSection
EndProject
Project("{FAE04EC0-301F-11D3-BF4B-00C04F79EFBC}") = "ARDroneCapture", "ARDroneCapture\ARDroneCapture.csproj", "{DF44B163-A438-4DCC-ADB0-5CDB08803A0F}"
EndProject
Project("{FAE04EC0-301F-11D3-BF4B-00C04F79EFBC}") = "ARDroneDetection", "ARDroneDetection\ARDroneDetection.csproj", "{23C3D4AC-F987-4A68-BB43-47027337D81B}"
EndProject
Project("{FAE04EC0-301F-11D3-BF4B-00C04F79EFBC}") = "ARDroneUI_Detection_Forms", "ARDroneUI_Detection_Forms\ARDroneUI_Detection_Forms.csproj", "{A945EA7F-EE7E-4389-8673-3C13DE18CE53}"
EndProject
Project("{FAE04EC0-301F-11D3-BF4B-00C04F79EFBC}") = "ARDrone_Testing", "ARDrone_Testing\ARDrone_Testing.csproj", "{EB016BB8-3E68-4DD7-B27E-317B18024FFA}"
EndProject
Project("{FAE04EC0-301F-11D3-BF4B-00C04F79EFBC}") = "HudInstruments", "HudInstruments\HudInstruments.csproj", "{8E63741B-70D7-4FE0-A13C-BA749FEB96A4}"
EndProject
Project("{FAE04EC0-301F-11D3-BF4B-00C04F79EFBC}") = "ARDroneBasics", "ARDroneBasics\ARDroneBasics.csproj", "{30FB7E9C-2668-4303-BF0D-1618DD30B8E5}"
EndProject
Global
	GlobalSection(SolutionConfigurationPlatforms) = preSolution
		Debug|Any CPU = Debug|Any CPU
		Debug|Mixed Platforms = Debug|Mixed Platforms
		Debug|Win32 = Debug|Win32
		Debug|x64 = Debug|x64
		Debug|x86 = Debug|x86
		Profile|Any CPU = Profile|Any CPU
		Profile|Mixed Platforms = Profile|Mixed Platforms
		Profile|Win32 = Profile|Win32
		Profile|x64 = Profile|x64
		Profile|x86 = Profile|x86
		Release|Any CPU = Release|Any CPU
		Release|Mixed Platforms = Release|Mixed Platforms
		Release|Win32 = Release|Win32
		Release|x64 = Release|x64
		Release|x86 = Release|x86
	EndGlobalSection
	GlobalSection(ProjectConfigurationPlatforms) = postSolution
		{A61853C5-1CFE-4858-9D4E-11C1D2622034}.Debug|Any CPU.ActiveCfg = Debug|Any CPU
		{A61853C5-1CFE-4858-9D4E-11C1D2622034}.Debug|Any CPU.Build.0 = Debug|Any CPU
		{A61853C5-1CFE-4858-9D4E-11C1D2622034}.Debug|Mixed Platforms.ActiveCfg = Debug|Any CPU
		{A61853C5-1CFE-4858-9D4E-11C1D2622034}.Debug|Mixed Platforms.Build.0 = Debug|Any CPU
		{A61853C5-1CFE-4858-9D4E-11C1D2622034}.Debug|Win32.ActiveCfg = Debug|Any CPU
		{A61853C5-1CFE-4858-9D4E-11C1D2622034}.Debug|x64.ActiveCfg = Debug|Any CPU
		{A61853C5-1CFE-4858-9D4E-11C1D2622034}.Debug|x86.ActiveCfg = Debug|Any CPU
		{A61853C5-1CFE-4858-9D4E-11C1D2622034}.Profile|Any CPU.ActiveCfg = Release|Any CPU
		{A61853C5-1CFE-4858-9D4E-11C1D2622034}.Profile|Any CPU.Build.0 = Release|Any CPU
		{A61853C5-1CFE-4858-9D4E-11C1D2622034}.Profile|Mixed Platforms.ActiveCfg = Release|Any CPU
		{A61853C5-1CFE-4858-9D4E-11C1D2622034}.Profile|Mixed Platforms.Build.0 = Release|Any CPU
		{A61853C5-1CFE-4858-9D4E-11C1D2622034}.Profile|Win32.ActiveCfg = Release|Any CPU
		{A61853C5-1CFE-4858-9D4E-11C1D2622034}.Profile|x64.ActiveCfg = Release|Any CPU
		{A61853C5-1CFE-4858-9D4E-11C1D2622034}.Profile|x86.ActiveCfg = Release|Any CPU
		{A61853C5-1CFE-4858-9D4E-11C1D2622034}.Release|Any CPU.ActiveCfg = Release|Any CPU
		{A61853C5-1CFE-4858-9D4E-11C1D2622034}.Release|Any CPU.Build.0 = Release|Any CPU
		{A61853C5-1CFE-4858-9D4E-11C1D2622034}.Release|Mixed Platforms.ActiveCfg = Release|Any CPU
		{A61853C5-1CFE-4858-9D4E-11C1D2622034}.Release|Mixed Platforms.Build.0 = Release|Any CPU
		{A61853C5-1CFE-4858-9D4E-11C1D2622034}.Release|Win32.ActiveCfg = Release|Any CPU
		{A61853C5-1CFE-4858-9D4E-11C1D2622034}.Release|x64.ActiveCfg = Release|Any CPU
		{A61853C5-1CFE-4858-9D4E-11C1D2622034}.Release|x86.ActiveCfg = Release|Any CPU
		{44DC5DDE-7EFF-459C-B5A1-993F5C886496}.Debug|Any CPU.ActiveCfg = Debug|x86
		{44DC5DDE-7EFF-459C-B5A1-993F5C886496}.Debug|Mixed Platforms.ActiveCfg = Debug|x86
		{44DC5DDE-7EFF-459C-B5A1-993F5C886496}.Debug|Mixed Platforms.Build.0 = Debug|x86
		{44DC5DDE-7EFF-459C-B5A1-993F5C886496}.Debug|Win32.ActiveCfg = Debug|x86
		{44DC5DDE-7EFF-459C-B5A1-993F5C886496}.Debug|x64.ActiveCfg = Debug|x86
		{44DC5DDE-7EFF-459C-B5A1-993F5C886496}.Debug|x86.ActiveCfg = Debug|x86
		{44DC5DDE-7EFF-459C-B5A1-993F5C886496}.Debug|x86.Build.0 = Debug|x86
		{44DC5DDE-7EFF-459C-B5A1-993F5C886496}.Profile|Any CPU.ActiveCfg = Release|x86
		{44DC5DDE-7EFF-459C-B5A1-993F5C886496}.Profile|Mixed Platforms.ActiveCfg = Release|x86
		{44DC5DDE-7EFF-459C-B5A1-993F5C886496}.Profile|Mixed Platforms.Build.0 = Release|x86
		{44DC5DDE-7EFF-459C-B5A1-993F5C886496}.Profile|Win32.ActiveCfg = Release|x86
		{44DC5DDE-7EFF-459C-B5A1-993F5C886496}.Profile|x64.ActiveCfg = Release|x86
		{44DC5DDE-7EFF-459C-B5A1-993F5C886496}.Profile|x86.ActiveCfg = Release|x86
		{44DC5DDE-7EFF-459C-B5A1-993F5C886496}.Profile|x86.Build.0 = Release|x86
		{44DC5DDE-7EFF-459C-B5A1-993F5C886496}.Release|Any CPU.ActiveCfg = Release|x86
		{44DC5DDE-7EFF-459C-B5A1-993F5C886496}.Release|Mixed Platforms.ActiveCfg = Release|x86
		{44DC5DDE-7EFF-459C-B5A1-993F5C886496}.Release|Mixed Platforms.Build.0 = Release|x86
		{44DC5DDE-7EFF-459C-B5A1-993F5C886496}.Release|Win32.ActiveCfg = Release|x86
		{44DC5DDE-7EFF-459C-B5A1-993F5C886496}.Release|x64.ActiveCfg = Release|x86
		{44DC5DDE-7EFF-459C-B5A1-993F5C886496}.Release|x86.ActiveCfg = Release|x86
		{44DC5DDE-7EFF-459C-B5A1-993F5C886496}.Release|x86.Build.0 = Release|x86
		{92277DFC-0D55-4998-8ACF-B01F3A7FB508}.Debug|Any CPU.ActiveCfg = Debug|Any CPU
		{92277DFC-0D55-4998-8ACF-B01F3A7FB508}.Debug|Any CPU.Build.0 = Debug|Any CPU
		{92277DFC-0D55-4998-8ACF-B01F3A7FB508}.Debug|Mixed Platforms.ActiveCfg = Debug|Any CPU
		{92277DFC-0D55-4998-8ACF-B01F3A7FB508}.Debug|Mixed Platforms.Build.0 = Debug|Any CPU
		{92277DFC-0D55-4998-8ACF-B01F3A7FB508}.Debug|Win32.ActiveCfg = Debug|Any CPU
		{92277DFC-0D55-4998-8ACF-B01F3A7FB508}.Debug|x64.ActiveCfg = Debug|Any CPU
		{92277DFC-0D55-4998-8ACF-B01F3A7FB508}.Debug|x86.ActiveCfg = Debug|Any CPU
		{92277DFC-0D55-4998-8ACF-B01F3A7FB508}.Profile|Any CPU.ActiveCfg = Release|Any CPU
		{92277DFC-0D55-4998-8ACF-B01F3A7FB508}.Profile|Any CPU.Build.0 = Release|Any CPU
		{92277DFC-0D55-4998-8ACF-B01F3A7FB508}.Profile|Mixed Platforms.ActiveCfg = Release|Any CPU
		{92277DFC-0D55-4998-8ACF-B01F3A7FB508}.Profile|Mixed Platforms.Build.0 = Release|Any CPU
		{92277DFC-0D55-4998-8ACF-B01F3A7FB508}.Profile|Win32.ActiveCfg = Release|Any CPU
		{92277DFC-0D55-4998-8ACF-B01F3A7FB508}.Profile|x64.ActiveCfg = Release|Any CPU
		{92277DFC-0D55-4998-8ACF-B01F3A7FB508}.Profile|x86.ActiveCfg = Release|Any CPU
		{92277DFC-0D55-4998-8ACF-B01F3A7FB508}.Release|Any CPU.ActiveCfg = Release|Any CPU
		{92277DFC-0D55-4998-8ACF-B01F3A7FB508}.Release|Any CPU.Build.0 = Release|Any CPU
		{92277DFC-0D55-4998-8ACF-B01F3A7FB508}.Release|Mixed Platforms.ActiveCfg = Release|Any CPU
		{92277DFC-0D55-4998-8ACF-B01F3A7FB508}.Release|Mixed Platforms.Build.0 = Release|Any CPU
		{92277DFC-0D55-4998-8ACF-B01F3A7FB508}.Release|Win32.ActiveCfg = Release|Any CPU
		{92277DFC-0D55-4998-8ACF-B01F3A7FB508}.Release|x64.ActiveCfg = Release|Any CPU
		{92277DFC-0D55-4998-8ACF-B01F3A7FB508}.Release|x86.ActiveCfg = Release|Any CPU
		{104C0B70-4D35-4090-942A-9223222D0E6C}.Debug|Any CPU.ActiveCfg = Debug|Any CPU
		{104C0B70-4D35-4090-942A-9223222D0E6C}.Debug|Any CPU.Build.0 = Debug|Any CPU
		{104C0B70-4D35-4090-942A-9223222D0E6C}.Debug|Mixed Platforms.ActiveCfg = Debug|Any CPU
		{104C0B70-4D35-4090-942A-9223222D0E6C}.Debug|Mixed Platforms.Build.0 = Debug|Any CPU
		{104C0B70-4D35-4090-942A-9223222D0E6C}.Debug|Win32.ActiveCfg = Debug|Any CPU
		{104C0B70-4D35-4090-942A-9223222D0E6C}.Debug|x64.ActiveCfg = Debug|Any CPU
		{104C0B70-4D35-4090-942A-9223222D0E6C}.Debug|x86.ActiveCfg = Debug|Any CPU
		{104C0B70-4D35-4090-942A-9223222D0E6C}.Profile|Any CPU.ActiveCfg = Release|Any CPU
		{104C0B70-4D35-4090-942A-9223222D0E6C}.Profile|Any CPU.Build.0 = Release|Any CPU
		{104C0B70-4D35-4090-942A-9223222D0E6C}.Profile|Mixed Platforms.ActiveCfg = Release|Any CPU
		{104C0B70-4D35-4090-942A-9223222D0E6C}.Profile|Mixed Platforms.Build.0 = Release|Any CPU
		{104C0B70-4D35-4090-942A-9223222D0E6C}.Profile|Win32.ActiveCfg = Release|Any CPU
		{104C0B70-4D35-4090-942A-9223222D0E6C}.Profile|x64.ActiveCfg = Release|Any CPU
		{104C0B70-4D35-4090-942A-9223222D0E6C}.Profile|x86.ActiveCfg = Release|Any CPU
		{104C0B70-4D35-4090-942A-9223222D0E6C}.Release|Any CPU.ActiveCfg = Release|Any CPU
		{104C0B70-4D35-4090-942A-9223222D0E6C}.Release|Any CPU.Build.0 = Release|Any CPU
		{104C0B70-4D35-4090-942A-9223222D0E6C}.Release|Mixed Platforms.ActiveCfg = Release|Any CPU
		{104C0B70-4D35-4090-942A-9223222D0E6C}.Release|Mixed Platforms.Build.0 = Release|Any CPU
		{104C0B70-4D35-4090-942A-9223222D0E6C}.Release|Win32.ActiveCfg = Release|Any CPU
		{104C0B70-4D35-4090-942A-9223222D0E6C}.Release|x64.ActiveCfg = Release|Any CPU
		{104C0B70-4D35-4090-942A-9223222D0E6C}.Release|x86.ActiveCfg = Release|Any CPU
		{DF44B163-A438-4DCC-ADB0-5CDB08803A0F}.Debug|Any CPU.ActiveCfg = Debug|Any CPU
		{DF44B163-A438-4DCC-ADB0-5CDB08803A0F}.Debug|Any CPU.Build.0 = Debug|Any CPU
		{DF44B163-A438-4DCC-ADB0-5CDB08803A0F}.Debug|Mixed Platforms.ActiveCfg = Debug|Any CPU
		{DF44B163-A438-4DCC-ADB0-5CDB08803A0F}.Debug|Mixed Platforms.Build.0 = Debug|Any CPU
		{DF44B163-A438-4DCC-ADB0-5CDB08803A0F}.Debug|Win32.ActiveCfg = Debug|Any CPU
		{DF44B163-A438-4DCC-ADB0-5CDB08803A0F}.Debug|x64.ActiveCfg = Debug|Any CPU
		{DF44B163-A438-4DCC-ADB0-5CDB08803A0F}.Debug|x86.ActiveCfg = Debug|Any CPU
		{DF44B163-A438-4DCC-ADB0-5CDB08803A0F}.Profile|Any CPU.ActiveCfg = Release|Any CPU
		{DF44B163-A438-4DCC-ADB0-5CDB08803A0F}.Profile|Any CPU.Build.0 = Release|Any CPU
		{DF44B163-A438-4DCC-ADB0-5CDB08803A0F}.Profile|Mixed Platforms.ActiveCfg = Release|Any CPU
		{DF44B163-A438-4DCC-ADB0-5CDB08803A0F}.Profile|Mixed Platforms.Build.0 = Release|Any CPU
		{DF44B163-A438-4DCC-ADB0-5CDB08803A0F}.Profile|Win32.ActiveCfg = Release|Any CPU
		{DF44B163-A438-4DCC-ADB0-5CDB08803A0F}.Profile|x64.ActiveCfg = Release|Any CPU
		{DF44B163-A438-4DCC-ADB0-5CDB08803A0F}.Profile|x86.ActiveCfg = Release|Any CPU
		{DF44B163-A438-4DCC-ADB0-5CDB08803A0F}.Release|Any CPU.ActiveCfg = Release|Any CPU
		{DF44B163-A438-4DCC-ADB0-5CDB08803A0F}.Release|Any CPU.Build.0 = Release|Any CPU
		{DF44B163-A438-4DCC-ADB0-5CDB08803A0F}.Release|Mixed Platforms.ActiveCfg = Release|Any CPU
		{DF44B163-A438-4DCC-ADB0-5CDB08803A0F}.Release|Mixed Platforms.Build.0 = Release|Any CPU
		{DF44B163-A438-4DCC-ADB0-5CDB08803A0F}.Release|Win32.ActiveCfg = Release|Any CPU
		{DF44B163-A438-4DCC-ADB0-5CDB08803A0F}.Release|x64.ActiveCfg = Release|Any CPU
		{DF44B163-A438-4DCC-ADB0-5CDB08803A0F}.Release|x86.ActiveCfg = Release|Any CPU
		{23C3D4AC-F987-4A68-BB43-47027337D81B}.Debug|Any CPU.ActiveCfg = Debug|Any CPU
		{23C3D4AC-F987-4A68-BB43-47027337D81B}.Debug|Any CPU.Build.0 = Debug|Any CPU
		{23C3D4AC-F987-4A68-BB43-47027337D81B}.Debug|Mixed Platforms.ActiveCfg = Debug|Any CPU
		{23C3D4AC-F987-4A68-BB43-47027337D81B}.Debug|Mixed Platforms.Build.0 = Debug|Any CPU
		{23C3D4AC-F987-4A68-BB43-47027337D81B}.Debug|Win32.ActiveCfg = Debug|Any CPU
		{23C3D4AC-F987-4A68-BB43-47027337D81B}.Debug|x64.ActiveCfg = Debug|Any CPU
		{23C3D4AC-F987-4A68-BB43-47027337D81B}.Debug|x86.ActiveCfg = Debug|Any CPU
		{23C3D4AC-F987-4A68-BB43-47027337D81B}.Profile|Any CPU.ActiveCfg = Release|Any CPU
		{23C3D4AC-F987-4A68-BB43-47027337D81B}.Profile|Any CPU.Build.0 = Release|Any CPU
		{23C3D4AC-F987-4A68-BB43-47027337D81B}.Profile|Mixed Platforms.ActiveCfg = Release|Any CPU
		{23C3D4AC-F987-4A68-BB43-47027337D81B}.Profile|Mixed Platforms.Build.0 = Release|Any CPU
		{23C3D4AC-F987-4A68-BB43-47027337D81B}.Profile|Win32.ActiveCfg = Release|Any CPU
		{23C3D4AC-F987-4A68-BB43-47027337D81B}.Profile|x64.ActiveCfg = Release|Any CPU
		{23C3D4AC-F987-4A68-BB43-47027337D81B}.Profile|x86.ActiveCfg = Release|Any CPU
		{23C3D4AC-F987-4A68-BB43-47027337D81B}.Release|Any CPU.ActiveCfg = Release|Any CPU
		{23C3D4AC-F987-4A68-BB43-47027337D81B}.Release|Any CPU.Build.0 = Release|Any CPU
		{23C3D4AC-F987-4A68-BB43-47027337D81B}.Release|Mixed Platforms.ActiveCfg = Release|Any CPU
		{23C3D4AC-F987-4A68-BB43-47027337D81B}.Release|Mixed Platforms.Build.0 = Release|Any CPU
		{23C3D4AC-F987-4A68-BB43-47027337D81B}.Release|Win32.ActiveCfg = Release|Any CPU
		{23C3D4AC-F987-4A68-BB43-47027337D81B}.Release|x64.ActiveCfg = Release|Any CPU
		{23C3D4AC-F987-4A68-BB43-47027337D81B}.Release|x86.ActiveCfg = Release|Any CPU
		{A945EA7F-EE7E-4389-8673-3C13DE18CE53}.Debug|Any CPU.ActiveCfg = Debug|x86
		{A945EA7F-EE7E-4389-8673-3C13DE18CE53}.Debug|Mixed Platforms.ActiveCfg = Debug|x86
		{A945EA7F-EE7E-4389-8673-3C13DE18CE53}.Debug|Mixed Platforms.Build.0 = Debug|x86
		{A945EA7F-EE7E-4389-8673-3C13DE18CE53}.Debug|Win32.ActiveCfg = Debug|x86
		{A945EA7F-EE7E-4389-8673-3C13DE18CE53}.Debug|x64.ActiveCfg = Debug|x86
		{A945EA7F-EE7E-4389-8673-3C13DE18CE53}.Debug|x86.ActiveCfg = Debug|x86
		{A945EA7F-EE7E-4389-8673-3C13DE18CE53}.Debug|x86.Build.0 = Debug|x86
		{A945EA7F-EE7E-4389-8673-3C13DE18CE53}.Profile|Any CPU.ActiveCfg = Release|x86
		{A945EA7F-EE7E-4389-8673-3C13DE18CE53}.Profile|Mixed Platforms.ActiveCfg = Release|x86
		{A945EA7F-EE7E-4389-8673-3C13DE18CE53}.Profile|Mixed Platforms.Build.0 = Release|x86
		{A945EA7F-EE7E-4389-8673-3C13DE18CE53}.Profile|Win32.ActiveCfg = Release|x86
		{A945EA7F-EE7E-4389-8673-3C13DE18CE53}.Profile|x64.ActiveCfg = Release|x86
		{A945EA7F-EE7E-4389-8673-3C13DE18CE53}.Profile|x86.ActiveCfg = Release|x86
		{A945EA7F-EE7E-4389-8673-3C13DE18CE53}.Profile|x86.Build.0 = Release|x86
		{A945EA7F-EE7E-4389-8673-3C13DE18CE53}.Release|Any CPU.ActiveCfg = Release|x86
		{A945EA7F-EE7E-4389-8673-3C13DE18CE53}.Release|Mixed Platforms.ActiveCfg = Release|x86
		{A945EA7F-EE7E-4389-8673-3C13DE18CE53}.Release|Mixed Platforms.Build.0 = Release|x86
		{A945EA7F-EE7E-4389-8673-3C13DE18CE53}.Release|Win32.ActiveCfg = Release|x86
		{A945EA7F-EE7E-4389-8673-3C13DE18CE53}.Release|x64.ActiveCfg = Release|x86
		{A945EA7F-EE7E-4389-8673-3C13DE18CE53}.Release|x86.ActiveCfg = Release|x86
		{A945EA7F-EE7E-4389-8673-3C13DE18CE53}.Release|x86.Build.0 = Release|x86
		{EB016BB8-3E68-4DD7-B27E-317B18024FFA}.Debug|Any CPU.ActiveCfg = Debug|Any CPU
		{EB016BB8-3E68-4DD7-B27E-317B18024FFA}.Debug|Any CPU.Build.0 = Debug|Any CPU
		{EB016BB8-3E68-4DD7-B27E-317B18024FFA}.Debug|Mixed Platforms.ActiveCfg = Debug|Any CPU
		{EB016BB8-3E68-4DD7-B27E-317B18024FFA}.Debug|Mixed Platforms.Build.0 = Debug|Any CPU
		{EB016BB8-3E68-4DD7-B27E-317B18024FFA}.Debug|Win32.ActiveCfg = Debug|Any CPU
		{EB016BB8-3E68-4DD7-B27E-317B18024FFA}.Debug|x64.ActiveCfg = Debug|Any CPU
		{EB016BB8-3E68-4DD7-B27E-317B18024FFA}.Debug|x86.ActiveCfg = Debug|Any CPU
		{EB016BB8-3E68-4DD7-B27E-317B18024FFA}.Profile|Any CPU.ActiveCfg = Release|Any CPU
		{EB016BB8-3E68-4DD7-B27E-317B18024FFA}.Profile|Any CPU.Build.0 = Release|Any CPU
		{EB016BB8-3E68-4DD7-B27E-317B18024FFA}.Profile|Mixed Platforms.ActiveCfg = Release|Any CPU
		{EB016BB8-3E68-4DD7-B27E-317B18024FFA}.Profile|Mixed Platforms.Build.0 = Release|Any CPU
		{EB016BB8-3E68-4DD7-B27E-317B18024FFA}.Profile|Win32.ActiveCfg = Release|Any CPU
		{EB016BB8-3E68-4DD7-B27E-317B18024FFA}.Profile|x64.ActiveCfg = Release|Any CPU
		{EB016BB8-3E68-4DD7-B27E-317B18024FFA}.Profile|x86.ActiveCfg = Release|Any CPU
		{EB016BB8-3E68-4DD7-B27E-317B18024FFA}.Release|Any CPU.ActiveCfg = Release|Any CPU
		{EB016BB8-3E68-4DD7-B27E-317B18024FFA}.Release|Any CPU.Build.0 = Release|Any CPU
		{EB016BB8-3E68-4DD7-B27E-317B18024FFA}.Release|Mixed Platforms.ActiveCfg = Release|Any CPU
		{EB016BB8-3E68-4DD7-B27E-317B18024FFA}.Release|Mixed Platforms.Build.0 = Release|Any CPU
		{EB016BB8-3E68-4DD7-B27E-317B18024FFA}.Release|Win32.ActiveCfg = Release|Any CPU
		{EB016BB8-3E68-4DD7-B27E-317B18024FFA}.Release|x64.ActiveCfg = Release|Any CPU
		{EB016BB8-3E68-4DD7-B27E-317B18024FFA}.Release|x86.ActiveCfg = Release|Any CPU
		{8E63741B-70D7-4FE0-A13C-BA749FEB96A4}.Debug|Any CPU.ActiveCfg = Debug|Any CPU
		{8E63741B-70D7-4FE0-A13C-BA749FEB96A4}.Debug|Any CPU.Build.0 = Debug|Any CPU
		{8E63741B-70D7-4FE0-A13C-BA749FEB96A4}.Debug|Mixed Platforms.ActiveCfg = Debug|Any CPU
		{8E63741B-70D7-4FE0-A13C-BA749FEB96A4}.Debug|Mixed Platforms.Build.0 = Debug|Any CPU
		{8E63741B-70D7-4FE0-A13C-BA749FEB96A4}.Debug|Win32.ActiveCfg = Debug|Any CPU
		{8E63741B-70D7-4FE0-A13C-BA749FEB96A4}.Debug|x64.ActiveCfg = Debug|Any CPU
		{8E63741B-70D7-4FE0-A13C-BA749FEB96A4}.Debug|x86.ActiveCfg = Debug|Any CPU
		{8E63741B-70D7-4FE0-A13C-BA749FEB96A4}.Profile|Any CPU.ActiveCfg = Release|Any CPU
		{8E63741B-70D7-4FE0-A13C-BA749FEB96A4}.Profile|Any CPU.Build.0 = Release|Any CPU
		{8E63741B-70D7-4FE0-A13C-BA749FEB96A4}.Profile|Mixed Platforms.ActiveCfg = Release|Any CPU
		{8E63741B-70D7-4FE0-A13C-BA749FEB96A4}.Profile|Mixed Platforms.Build.0 = Release|Any CPU
		{8E63741B-70D7-4FE0-A13C-BA749FEB96A4}.Profile|Win32.ActiveCfg = Release|Any CPU
		{8E63741B-70D7-4FE0-A13C-BA749FEB96A4}.Profile|x64.ActiveCfg = Release|Any CPU
		{8E63741B-70D7-4FE0-A13C-BA749FEB96A4}.Profile|x86.ActiveCfg = Release|Any CPU
		{8E63741B-70D7-4FE0-A13C-BA749FEB96A4}.Release|Any CPU.ActiveCfg = Release|Any CPU
		{8E63741B-70D7-4FE0-A13C-BA749FEB96A4}.Release|Any CPU.Build.0 = Release|Any CPU
		{8E63741B-70D7-4FE0-A13C-BA749FEB96A4}.Release|Mixed Platforms.ActiveCfg = Release|Any CPU
		{8E63741B-70D7-4FE0-A13C-BA749FEB96A4}.Release|Mixed Platforms.Build.0 = Release|Any CPU
		{8E63741B-70D7-4FE0-A13C-BA749FEB96A4}.Release|Win32.ActiveCfg = Release|Any CPU
		{8E63741B-70D7-4FE0-A13C-BA749FEB96A4}.Release|x64.ActiveCfg = Release|Any CPU
		{8E63741B-70D7-4FE0-A13C-BA749FEB96A4}.Release|x86.ActiveCfg = Release|Any CPU
		{30FB7E9C-2668-4303-BF0D-1618DD30B8E5}.Debug|Any CPU.ActiveCfg = Debug|Any CPU
		{30FB7E9C-2668-4303-BF0D-1618DD30B8E5}.Debug|Any CPU.Build.0 = Debug|Any CPU
		{30FB7E9C-2668-4303-BF0D-1618DD30B8E5}.Debug|Mixed Platforms.ActiveCfg = Debug|Any CPU
		{30FB7E9C-2668-4303-BF0D-1618DD30B8E5}.Debug|Mixed Platforms.Build.0 = Debug|Any CPU
		{30FB7E9C-2668-4303-BF0D-1618DD30B8E5}.Debug|Win32.ActiveCfg = Debug|Any CPU
		{30FB7E9C-2668-4303-BF0D-1618DD30B8E5}.Debug|x64.ActiveCfg = Debug|Any CPU
		{30FB7E9C-2668-4303-BF0D-1618DD30B8E5}.Debug|x86.ActiveCfg = Debug|Any CPU
		{30FB7E9C-2668-4303-BF0D-1618DD30B8E5}.Profile|Any CPU.ActiveCfg = Release|Any CPU
		{30FB7E9C-2668-4303-BF0D-1618DD30B8E5}.Profile|Any CPU.Build.0 = Release|Any CPU
		{30FB7E9C-2668-4303-BF0D-1618DD30B8E5}.Profile|Mixed Platforms.ActiveCfg = Release|Any CPU
		{30FB7E9C-2668-4303-BF0D-1618DD30B8E5}.Profile|Mixed Platforms.Build.0 = Release|Any CPU
		{30FB7E9C-2668-4303-BF0D-1618DD30B8E5}.Profile|Win32.ActiveCfg = Release|Any CPU
		{30FB7E9C-2668-4303-BF0D-1618DD30B8E5}.Profile|x64.ActiveCfg = Release|Any CPU
		{30FB7E9C-2668-4303-BF0D-1618DD30B8E5}.Profile|x86.ActiveCfg = Release|Any CPU
		{30FB7E9C-2668-4303-BF0D-1618DD30B8E5}.Release|Any CPU.ActiveCfg = Release|Any CPU
		{30FB7E9C-2668-4303-BF0D-1618DD30B8E5}.Release|Any CPU.Build.0 = Release|Any CPU
		{30FB7E9C-2668-4303-BF0D-1618DD30B8E5}.Release|Mixed Platforms.ActiveCfg = Release|Any CPU
		{30FB7E9C-2668-4303-BF0D-1618DD30B8E5}.Release|Mixed Platforms.Build.0 = Release|Any CPU
		{30FB7E9C-2668-4303-BF0D-1618DD30B8E5}.Release|Win32.ActiveCfg = Release|Any CPU
		{30FB7E9C-2668-4303-BF0D-1618DD30B8E5}.Release|x64.ActiveCfg = Release|Any CPU
		{30FB7E9C-2668-4303-BF0D-1618DD30B8E5}.Release|x86.ActiveCfg = Release|Any CPU
	EndGlobalSection
	GlobalSection(SolutionProperties) = preSolution
		HideSolutionNode = FALSE
	EndGlobalSection
EndGlobal
