<?xml version="1.0" encoding="utf-8"?>
<Project ToolsVersion="4.0" xmlns="http://schemas.microsoft.com/developer/msbuild/2003">
  <ItemGroup>
    <Filter Include="Header files">
      <UniqueIdentifier>{93995380-89BD-4b04-88EB-625FBE52EBFB}</UniqueIdentifier>
      <Extensions>h;hpp;hxx;hm;inl;inc;xsd</Extensions>
    </Filter>
    <Filter Include="Source files">
      <UniqueIdentifier>{4FC737F1-C7A5-4376-A066-2A32D752A2FF}</UniqueIdentifier>
      <Extensions>cpp;c;cc;cxx;def;odl;idl;hpj;bat;asm;asmx</Extensions>
    </Filter>
    <Filter Include="Resource files">
      <UniqueIdentifier>{67DA6AB6-F800-4c08-8B7A-83BB121AAD01}</UniqueIdentifier>
      <Extensions>rc;ico;cur;bmp;dlg;rc2;rct;bin;rgs;gif;jpg;jpeg;jpe;resx;tiff;tif;png;wav</Extensions>
    </Filter>
  </ItemGroup>
  <ItemGroup>
    <ClCompile Include="$(ProjectDir)\Soft\Lib\ardrone_tool\ardrone_api.c">
      <Filter>Source files</Filter>
    </ClCompile>
    <ClCompile Include="$(ProjectDir)\Soft\Lib\ardrone_tool\AT\ardrone_at.c">
      <Filter>Source files</Filter>
    </ClCompile>
    <ClCompile Include="$(ProjectDir)\Soft\Lib\ardrone_tool\Control\ardrone_control.c">
      <Filter>Source files</Filter>
    </ClCompile>
    <ClCompile Include="$(ProjectDir)\Soft\Lib\ardrone_tool\Control\ardrone_control_ack.c">
      <Filter>Source files</Filter>
    </ClCompile>
    <ClCompile Include="$(ProjectDir)\Soft\Lib\ardrone_tool\Control\ardrone_control_configuration.c">
      <Filter>Source files</Filter>
    </ClCompile>
    <ClCompile Include="$(ProjectDir)\Soft\Lib\ardrone_tool\Control\ardrone_control_soft_update.c">
      <Filter>Source files</Filter>
    </ClCompile>
    <ClCompile Include="$(ProjectDir)\Soft\Lib\ardrone_tool\UI\ardrone_input.c">
      <Filter>Source files</Filter>
    </ClCompile>
    <ClCompile Include="$(ProjectDir)\Soft\Lib\ardrone_tool\Navdata\ardrone_navdata_client.c">
      <Filter>Source files</Filter>
    </ClCompile>
    <ClCompile Include="$(ProjectDir)\Soft\Lib\ardrone_tool\Control\ardrone_navdata_control.c">
      <Filter>Source files</Filter>
    </ClCompile>
    <ClCompile Include="$(ProjectDir)\Soft\Lib\ardrone_tool\Navdata\ardrone_navdata_file.c">
      <Filter>Source files</Filter>
    </ClCompile>
    <ClCompile Include="$(ProjectDir)\Soft\Lib\ardrone_tool\ardrone_time.c">
      <Filter>Source files</Filter>
    </ClCompile>
    <ClCompile Include="$(ProjectDir)\Soft\Lib\ardrone_tool\UI\ardrone_tool_ui.c">
      <Filter>Source files</Filter>
    </ClCompile>
    <ClCompile Include="$(ProjectDir)\VP_SDK\ATcodec\ATcodec.c">
      <Filter>Source files</Filter>
    </ClCompile>
    <ClCompile Include="$(ProjectDir)\VP_SDK\ATcodec\ATcodec_api.c">
      <Filter>Source files</Filter>
    </ClCompile>
    <ClCompile Include="$(ProjectDir)\VP_SDK\ATcodec\ATcodec_Buffer.c">
      <Filter>Source files</Filter>
    </ClCompile>
    <ClCompile Include="$(ProjectDir)\VP_SDK\ATcodec\ATcodec_Memory.c">
      <Filter>Source files</Filter>
    </ClCompile>
    <ClCompile Include="$(ProjectDir)\VP_SDK\ATcodec\ATcodec_Sorted_List.c">
      <Filter>Source files</Filter>
    </ClCompile>
    <ClCompile Include="$(ProjectDir)\VP_SDK\ATcodec\ATcodec_Tree.c">
      <Filter>Source files</Filter>
    </ClCompile>
    <ClCompile Include="$(ProjectDir)\Soft\Lib\ardrone_tool\Video\buffer_to_picture_stage.c">
      <Filter>Source files</Filter>
    </ClCompile>
    <ClCompile Include="$(ProjectDir)\Soft\Lib\ardrone_tool\Com\config_serial.c">
      <Filter>Source files</Filter>
    </ClCompile>
    <ClCompile Include="$(ProjectDir)\Soft\Lib\ardrone_tool\Com\config_wifi.c">
      <Filter>Source files</Filter>
    </ClCompile>
    <ClCompile Include="$(ProjectDir)\Soft\Lib\iniparser3.0b\src\dictionary.c">
      <Filter>Source files</Filter>
    </ClCompile>
    <ClCompile Include="$(ProjectDir)\Soft\Lib\Maths\filter.c">
      <Filter>Source files</Filter>
    </ClCompile>
    <ClCompile Include="$(ProjectDir)\Soft\Lib\iniparser3.0b\src\iniparser.c">
      <Filter>Source files</Filter>
    </ClCompile>
    <ClCompile Include="$(ProjectDir)\Soft\Lib\Maths\maths.c">
      <Filter>Source files</Filter>
    </ClCompile>
    <ClCompile Include="$(ProjectDir)\Soft\Lib\Maths\matrices.c">
      <Filter>Source files</Filter>
    </ClCompile>
    <ClCompile Include="$(ProjectDir)\Soft\Lib\Maths\matrix3d.c">
      <Filter>Source files</Filter>
    </ClCompile>
    <ClCompile Include="$(ProjectDir)\Soft\Lib\ardrone_tool\Navdata\navdata.c">
      <Filter>Source files</Filter>
    </ClCompile>
    <ClCompile Include="$(ProjectDir)\VLIB\P263\p263_codec.c">
      <Filter>Source files</Filter>
    </ClCompile>
    <ClCompile Include="$(ProjectDir)\VLIB\P263\p263_gob_layer.c">
      <Filter>Source files</Filter>
    </ClCompile>
    <ClCompile Include="$(ProjectDir)\VLIB\P263\p263_huffman.c">
      <Filter>Source files</Filter>
    </ClCompile>
    <ClCompile Include="$(ProjectDir)\VLIB\P263\p263_mb_layer.c">
      <Filter>Source files</Filter>
    </ClCompile>
    <ClCompile Include="$(ProjectDir)\VLIB\P263\p263_picture_layer.c">
      <Filter>Source files</Filter>
    </ClCompile>
    <ClCompile Include="$(ProjectDir)\Soft\Lib\Maths\time.c">
      <Filter>Source files</Filter>
    </ClCompile>
    <ClCompile Include="$(ProjectDir)\VLIB\UVLC\uvlc.c">
      <Filter>Source files</Filter>
    </ClCompile>
    <ClCompile Include="$(ProjectDir)\VLIB\UVLC\uvlc_codec.c">
      <Filter>Source files</Filter>
    </ClCompile>
    <ClCompile Include="$(ProjectDir)\VLIB\UVLC\uvlc_gob_layer.c">
      <Filter>Source files</Filter>
    </ClCompile>
    <ClCompile Include="$(ProjectDir)\VLIB\UVLC\uvlc_mb_layer.c">
      <Filter>Source files</Filter>
    </ClCompile>
    <ClCompile Include="$(ProjectDir)\VLIB\UVLC\uvlc_picture_layer.c">
      <Filter>Source files</Filter>
    </ClCompile>
    <ClCompile Include="$(ProjectDir)\VLIB\video_codec.c">
      <Filter>Source files</Filter>
    </ClCompile>
    <ClCompile Include="$(ProjectDir)\Soft\Lib\ardrone_tool\Video\video_com_stage.c">
      <Filter>Source files</Filter>
    </ClCompile>
    <ClCompile Include="$(ProjectDir)\VLIB\video_controller.c">
      <Filter>Source files</Filter>
    </ClCompile>
    <ClCompile Include="$(ProjectDir)\VLIB\video_dct.c">
      <Filter>Source files</Filter>
    </ClCompile>
    <ClCompile Include="$(ProjectDir)\VLIB\video_huffman.c">
      <Filter>Source files</Filter>
    </ClCompile>
    <ClCompile Include="$(ProjectDir)\VLIB\video_macroblock.c">
      <Filter>Source files</Filter>
    </ClCompile>
    <ClCompile Include="$(ProjectDir)\VLIB\video_mem32.c">
      <Filter>Source files</Filter>
    </ClCompile>
    <ClCompile Include="$(ProjectDir)\VLIB\video_packetizer.c">
      <Filter>Source files</Filter>
    </ClCompile>
    <ClCompile Include="$(ProjectDir)\VLIB\video_picture.c">
      <Filter>Source files</Filter>
    </ClCompile>
    <ClCompile Include="$(ProjectDir)\VLIB\video_quantizer.c">
      <Filter>Source files</Filter>
    </ClCompile>
    <ClCompile Include="$(ProjectDir)\Soft\Lib\ardrone_tool\Video\video_stage_recorder.c">
      <Filter>Source files</Filter>
    </ClCompile>
    <ClCompile Include="$(ProjectDir)\VLIB\Platform\x86\video_utils.c">
      <Filter>Source files</Filter>
    </ClCompile>
    <ClCompile Include="$(ProjectDir)\Soft\Lib\Maths\vision_math.c">
      <Filter>Source files</Filter>
    </ClCompile>
    <ClCompile Include="$(ProjectDir)\VLIB\Stages\vlib_stage_decode.c">
      <Filter>Source files</Filter>
    </ClCompile>
    <ClCompile Include="$(ProjectDir)\VLIB\Stages\vlib_stage_encode.c">
      <Filter>Source files</Filter>
    </ClCompile>
    <ClCompile Include="$(ProjectDir)\VP_SDK\VP_Api\vp_api.c">
      <Filter>Source files</Filter>
    </ClCompile>
    <ClCompile Include="$(ProjectDir)\VP_SDK\VP_Api\vp_api_error.c">
      <Filter>Source files</Filter>
    </ClCompile>
    <ClCompile Include="$(ProjectDir)\VP_SDK\VP_Api\vp_api_io_multi_stage.c">
      <Filter>Source files</Filter>
    </ClCompile>
    <ClCompile Include="$(ProjectDir)\VP_SDK\VP_Api\vp_api_stage.c">
      <Filter>Source files</Filter>
    </ClCompile>
    <ClCompile Include="$(ProjectDir)\VP_SDK\VP_Api\vp_api_supervisor.c">
      <Filter>Source files</Filter>
    </ClCompile>
    <ClCompile Include="$(ProjectDir)\VP_SDK\VP_Api\vp_api_thread_helper.c">
      <Filter>Source files</Filter>
    </ClCompile>
    <ClCompile Include="$(ProjectDir)\VP_SDK\VP_Com\win32\vp_com.c">
      <Filter>Source files</Filter>
    </ClCompile>
    <ClCompile Include="$(ProjectDir)\VP_SDK\VP_Com\win32\vp_com_config_itf.c">
      <Filter>Source files</Filter>
    </ClCompile>
    <ClCompile Include="$(ProjectDir)\VP_SDK\VP_Com\vp_com_error.c">
      <Filter>Source files</Filter>
    </ClCompile>
    <ClCompile Include="$(ProjectDir)\VP_SDK\VP_Com\win32\vp_com_socket.c">
      <Filter>Source files</Filter>
    </ClCompile>
    <ClCompile Include="$(ProjectDir)\VP_SDK\VP_Com\win32\vp_com_socket_utils.c">
      <Filter>Source files</Filter>
    </ClCompile>
    <ClCompile Include="$(ProjectDir)\VP_SDK\VP_Com\win32\vp_com_wifi.c">
      <Filter>Source files</Filter>
    </ClCompile>
    <ClCompile Include="$(ProjectDir)\VP_SDK\VP_Os\win32\vp_os_delay.c">
      <Filter>Source files</Filter>
    </ClCompile>
    <ClCompile Include="$(ProjectDir)\VP_SDK\VP_Os\vp_os_error_handling.c">
      <Filter>Source files</Filter>
    </ClCompile>
    <ClCompile Include="$(ProjectDir)\VP_SDK\VP_Os\vp_os_malloc.c">
      <Filter>Source files</Filter>
    </ClCompile>
    <ClCompile Include="$(ProjectDir)\VP_SDK\VP_Os\win32\vp_os_signal.c">
      <Filter>Source files</Filter>
    </ClCompile>
    <ClCompile Include="$(ProjectDir)\VP_SDK\VP_Os\win32\vp_os_thread.c">
      <Filter>Source files</Filter>
    </ClCompile>
    <ClCompile Include="$(ProjectDir)\VP_SDK\VP_Stages\vp_stages_buffer_to_picture.c">
      <Filter>Source files</Filter>
    </ClCompile>
    <ClCompile Include="$(ProjectDir)\VP_SDK\VP_Stages\vp_stages_configs.c">
      <Filter>Source files</Filter>
    </ClCompile>
    <ClCompile Include="$(ProjectDir)\VP_SDK\VP_Stages\vp_stages_frame_pipe.c">
      <Filter>Source files</Filter>
    </ClCompile>
    <ClCompile Include="$(ProjectDir)\VP_SDK\VP_Stages\vp_stages_io_buffer.c">
      <Filter>Source files</Filter>
    </ClCompile>
    <ClCompile Include="$(ProjectDir)\VP_SDK\VP_Stages\vp_stages_io_com.c">
      <Filter>Source files</Filter>
    </ClCompile>
    <ClCompile Include="$(ProjectDir)\VP_SDK\VP_Stages\vp_stages_io_console.c">
      <Filter>Source files</Filter>
    </ClCompile>
    <ClCompile Include="$(ProjectDir)\VP_SDK\VP_Stages\vp_stages_io_file.c">
      <Filter>Source files</Filter>
    </ClCompile>
    <ClCompile Include="$(ProjectDir)\VP_SDK\VP_Stages\vp_stages_o_sdl.c">
      <Filter>Source files</Filter>
    </ClCompile>
    <ClCompile Include="$(ProjectDir)\VP_SDK\VP_Stages\vp_stages_yuv2rgb.c">
      <Filter>Source files</Filter>
    </ClCompile>
  </ItemGroup>
  <ItemGroup>
    <ClInclude Include="$(ProjectDir)\Soft\Common\ardrone_api.h">
      <Filter>Header files</Filter>
    </ClInclude>
    <ClInclude Include="$(ProjectDir)\Soft\Common\ardrone_common_config.h">
      <Filter>Header files</Filter>
    </ClInclude>
    <ClInclude Include="$(ProjectDir)\Soft\Lib\ardrone_tool\Control\ardrone_control.h">
      <Filter>Header files</Filter>
    </ClInclude>
    <ClInclude Include="$(ProjectDir)\Soft\Lib\ardrone_tool\Control\ardrone_control_ack.h">
      <Filter>Header files</Filter>
    </ClInclude>
    <ClInclude Include="$(ProjectDir)\Soft\Lib\ardrone_tool\Control\ardrone_control_configuration.h">
      <Filter>Header files</Filter>
    </ClInclude>
    <ClInclude Include="$(ProjectDir)\Soft\Lib\ardrone_tool\Control\ardrone_control_soft_update.h">
      <Filter>Header files</Filter>
    </ClInclude>
    <ClInclude Include="$(ProjectDir)\Soft\Lib\ardrone_tool\UI\ardrone_input.h">
      <Filter>Header files</Filter>
    </ClInclude>
    <ClInclude Include="$(ProjectDir)\Soft\Lib\ardrone_tool\Navdata\ardrone_navdata_client.h">
      <Filter>Header files</Filter>
    </ClInclude>
    <ClInclude Include="$(ProjectDir)\Soft\Lib\ardrone_tool\Control\ardrone_navdata_control.h">
      <Filter>Header files</Filter>
    </ClInclude>
    <ClInclude Include="$(ProjectDir)\Soft\Lib\ardrone_tool\Navdata\ardrone_navdata_file.h">
      <Filter>Header files</Filter>
    </ClInclude>
    <ClInclude Include="$(ProjectDir)\Soft\Lib\ardrone_tool\ardrone_time.h">
      <Filter>Header files</Filter>
    </ClInclude>
    <ClInclude Include="$(ProjectDir)\Soft\Lib\ardrone_tool\ardrone_tool.h">
      <Filter>Header files</Filter>
    </ClInclude>
    <ClInclude Include="$(ProjectDir)\Soft\Lib\ardrone_tool\UI\ardrone_tool_ui.h">
      <Filter>Header files</Filter>
    </ClInclude>
    <ClInclude Include="$(ProjectDir)\Soft\Common\at_msgs.h">
      <Filter>Header files</Filter>
    </ClInclude>
    <ClInclude Include="$(ProjectDir)\Soft\Common\at_msgs_ids.h">
      <Filter>Header files</Filter>
    </ClInclude>
    <ClInclude Include="$(ProjectDir)\VP_SDK\ATcodec\ATcodec.h">
      <Filter>Header files</Filter>
    </ClInclude>
    <ClInclude Include="$(ProjectDir)\VP_SDK\ATcodec\ATcodec_api.h">
      <Filter>Header files</Filter>
    </ClInclude>
    <ClInclude Include="$(ProjectDir)\VP_SDK\ATcodec\ATcodec_Buffer.h">
      <Filter>Header files</Filter>
    </ClInclude>
    <ClInclude Include="$(ProjectDir)\VP_SDK\Examples\common\atcodec_client.h">
      <Filter>Header files</Filter>
    </ClInclude>
    <ClInclude Include="$(ProjectDir)\VP_SDK\ATcodec\ATcodec_Error.h">
      <Filter>Header files</Filter>
    </ClInclude>
    <ClInclude Include="$(ProjectDir)\VP_SDK\ATcodec\ATcodec_Memory.h">
      <Filter>Header files</Filter>
    </ClInclude>
    <ClInclude Include="$(ProjectDir)\VP_SDK\ATcodec\ATcodec_Messages_ex.h">
      <Filter>Header files</Filter>
    </ClInclude>
    <ClInclude Include="$(ProjectDir)\VP_SDK\Examples\common\atcodec_server.h">
      <Filter>Header files</Filter>
    </ClInclude>
    <ClInclude Include="$(ProjectDir)\VP_SDK\ATcodec\ATcodec_Sorted_List.h">
      <Filter>Header files</Filter>
    </ClInclude>
    <ClInclude Include="$(ProjectDir)\VP_SDK\ATcodec\ATcodec_Tree.h">
      <Filter>Header files</Filter>
    </ClInclude>
    <ClInclude Include="$(ProjectDir)\Soft\Common\autoconf.h">
      <Filter>Header files</Filter>
    </ClInclude>
    <ClInclude Include="$(ProjectDir)\Soft\Lib\ardrone_tool\Video\buffer_to_picture_stage.h">
      <Filter>Header files</Filter>
    </ClInclude>
    <ClInclude Include="$(ProjectDir)\VP_SDK\Examples\common\com_client.h">
      <Filter>Header files</Filter>
    </ClInclude>
    <ClInclude Include="$(ProjectDir)\VP_SDK\Examples\common\com_server.h">
      <Filter>Header files</Filter>
    </ClInclude>
    <ClInclude Include="$(ProjectDir)\VP_SDK\Examples\common\common.h">
      <Filter>Header files</Filter>
    </ClInclude>
    <ClInclude Include="$(ProjectDir)\Soft\Common\config.h">
      <Filter>Header files</Filter>
    </ClInclude>
    <ClInclude Include="$(ProjectDir)\Soft\Lib\ardrone_tool\Com\config_com.h">
      <Filter>Header files</Filter>
    </ClInclude>
    <ClInclude Include="$(ProjectDir)\Soft\Common\config_keys.h">
      <Filter>Header files</Filter>
    </ClInclude>
    <ClInclude Include="$(ProjectDir)\Soft\Lib\ardrone_tool\Com\config_serial.h">
      <Filter>Header files</Filter>
    </ClInclude>
    <ClInclude Include="$(ProjectDir)\Soft\Lib\ardrone_tool\Com\config_wifi.h">
      <Filter>Header files</Filter>
    </ClInclude>
    <ClInclude Include="$(ProjectDir)\Soft\Common\control_states.h">
      <Filter>Header files</Filter>
    </ClInclude>
    <ClInclude Include="$(ProjectDir)\Soft\Lib\iniparser3.0b\src\dictionary.h">
      <Filter>Header files</Filter>
    </ClInclude>
    <ClInclude Include="$(ProjectDir)\Soft\Lib\Maths\filter.h">
      <Filter>Header files</Filter>
    </ClInclude>
    <ClInclude Include="$(ProjectDir)\Soft\Lib\iniparser3.0b\src\iniparser.h">
      <Filter>Header files</Filter>
    </ClInclude>
    <ClInclude Include="$(ProjectDir)\VP_SDK\VP_Os\win32\intrin.h">
      <Filter>Header files</Filter>
    </ClInclude>
    <ClInclude Include="$(ProjectDir)\Soft\Common\led_animation.h">
      <Filter>Header files</Filter>
    </ClInclude>
    <ClInclude Include="$(ProjectDir)\Soft\Lib\Maths\maths.h">
      <Filter>Header files</Filter>
    </ClInclude>
    <ClInclude Include="$(ProjectDir)\Soft\Lib\Maths\matrices.h">
      <Filter>Header files</Filter>
    </ClInclude>
    <ClInclude Include="$(ProjectDir)\Soft\Lib\Maths\matrix3d.h">
      <Filter>Header files</Filter>
    </ClInclude>
    <ClInclude Include="$(ProjectDir)\Soft\Lib\ardrone_tool\Video\mjpeg_stage_decode.h">
      <Filter>Header files</Filter>
    </ClInclude>
    <ClInclude Include="$(ProjectDir)\Soft\Common\navdata_common.h">
      <Filter>Header files</Filter>
    </ClInclude>
    <ClInclude Include="$(ProjectDir)\VLIB\P263\p263_codec.h">
      <Filter>Header files</Filter>
    </ClInclude>
    <ClInclude Include="$(ProjectDir)\VLIB\P263\p263_huffman.h">
      <Filter>Header files</Filter>
    </ClInclude>
    <ClInclude Include="$(ProjectDir)\VLIB\P263\p263_layers.h">
      <Filter>Header files</Filter>
    </ClInclude>
    <ClInclude Include="$(ProjectDir)\Soft\Lib\Maths\point3d.h">
      <Filter>Header files</Filter>
    </ClInclude>
    <ClInclude Include="$(ProjectDir)\VP_SDK\VP_Os\syslog.h">
      <Filter>Header files</Filter>
    </ClInclude>
    <ClInclude Include="$(ProjectDir)\Soft\Lib\Maths\time.h">
      <Filter>Header files</Filter>
    </ClInclude>
    <ClInclude Include="$(ProjectDir)\VLIB\UVLC\uvlc.h">
      <Filter>Header files</Filter>
    </ClInclude>
    <ClInclude Include="$(ProjectDir)\VLIB\UVLC\uvlc_codec.h">
      <Filter>Header files</Filter>
    </ClInclude>
    <ClInclude Include="$(ProjectDir)\VLIB\UVLC\uvlc_layers.h">
      <Filter>Header files</Filter>
    </ClInclude>
    <ClInclude Include="$(ProjectDir)\VLIB\Utils\video_bin_dct.h">
      <Filter>Header files</Filter>
    </ClInclude>
    <ClInclude Include="$(ProjectDir)\VLIB\video_codec.h">
      <Filter>Header files</Filter>
    </ClInclude>
    <ClInclude Include="$(ProjectDir)\Soft\Lib\ardrone_tool\Video\video_com_stage.h">
      <Filter>Header files</Filter>
    </ClInclude>
    <ClInclude Include="$(ProjectDir)\VLIB\Platform\video_config.h">
      <Filter>Header files</Filter>
    </ClInclude>
    <ClInclude Include="$(ProjectDir)\VLIB\Platform\x86\video_config.h">
      <Filter>Header files</Filter>
    </ClInclude>
    <ClInclude Include="$(ProjectDir)\VLIB\video_controller.h">
      <Filter>Header files</Filter>
    </ClInclude>
    <ClInclude Include="$(ProjectDir)\VLIB\video_dct.h">
      <Filter>Header files</Filter>
    </ClInclude>
    <ClInclude Include="$(ProjectDir)\VLIB\video_gob.h">
      <Filter>Header files</Filter>
    </ClInclude>
    <ClInclude Include="$(ProjectDir)\VLIB\video_huffman.h">
      <Filter>Header files</Filter>
    </ClInclude>
    <ClInclude Include="$(ProjectDir)\VLIB\video_macroblock.h">
      <Filter>Header files</Filter>
    </ClInclude>
    <ClInclude Include="$(ProjectDir)\VLIB\video_mem32.h">
      <Filter>Header files</Filter>
    </ClInclude>
    <ClInclude Include="$(ProjectDir)\VLIB\video_packetizer.h">
      <Filter>Header files</Filter>
    </ClInclude>
    <ClInclude Include="$(ProjectDir)\VLIB\video_picture.h">
      <Filter>Header files</Filter>
    </ClInclude>
    <ClInclude Include="$(ProjectDir)\VLIB\video_picture_defines.h">
      <Filter>Header files</Filter>
    </ClInclude>
    <ClInclude Include="$(ProjectDir)\VLIB\video_quantizer.h">
      <Filter>Header files</Filter>
    </ClInclude>
    <ClInclude Include="$(ProjectDir)\Soft\Lib\ardrone_tool\Video\video_stage_recorder.h">
      <Filter>Header files</Filter>
    </ClInclude>
    <ClInclude Include="$(ProjectDir)\VLIB\Platform\x86\video_utils.h">
      <Filter>Header files</Filter>
    </ClInclude>
    <ClInclude Include="$(ProjectDir)\VLIB\Platform\video_utils.h">
      <Filter>Header files</Filter>
    </ClInclude>
    <ClInclude Include="$(ProjectDir)\VLIB\Platform\arm11\video_utils_iphone.h">
      <Filter>Header files</Filter>
    </ClInclude>
    <ClInclude Include="$(ProjectDir)\VLIB\Platform\x86\video_utils_x86.h">
      <Filter>Header files</Filter>
    </ClInclude>
    <ClInclude Include="$(ProjectDir)\Soft\Common\vision_common.h">
      <Filter>Header files</Filter>
    </ClInclude>
    <ClInclude Include="$(ProjectDir)\Soft\Lib\Maths\vision_math.h">
      <Filter>Header files</Filter>
    </ClInclude>
    <ClInclude Include="$(ProjectDir)\Soft\Lib\ardrone_tool\Video\vlib_stage_decode.h">
      <Filter>Header files</Filter>
    </ClInclude>
    <ClInclude Include="$(ProjectDir)\VLIB\Stages\vlib_stage_decode.h">
      <Filter>Header files</Filter>
    </ClInclude>
    <ClInclude Include="$(ProjectDir)\VLIB\Stages\vlib_stage_encode.h">
      <Filter>Header files</Filter>
    </ClInclude>
    <ClInclude Include="$(ProjectDir)\VP_SDK\VP_Api\vp_api.h">
      <Filter>Header files</Filter>
    </ClInclude>
    <ClInclude Include="$(ProjectDir)\VP_SDK\VP_Api\vp_api_config.h">
      <Filter>Header files</Filter>
    </ClInclude>
    <ClInclude Include="$(ProjectDir)\VP_SDK\VP_Api\vp_api_error.h">
      <Filter>Header files</Filter>
    </ClInclude>
    <ClInclude Include="$(ProjectDir)\VP_SDK\VP_Api\vp_api_io_multi_stage.h">
      <Filter>Header files</Filter>
    </ClInclude>
    <ClInclude Include="$(ProjectDir)\VP_SDK\VP_Api\vp_api_io_stage_selector.h">
      <Filter>Header files</Filter>
    </ClInclude>
    <ClInclude Include="$(ProjectDir)\VP_SDK\VP_Api\vp_api_picture.h">
      <Filter>Header files</Filter>
    </ClInclude>
    <ClInclude Include="$(ProjectDir)\VP_SDK\VP_Api\vp_api_stage.h">
      <Filter>Header files</Filter>
    </ClInclude>
    <ClInclude Include="$(ProjectDir)\VP_SDK\VP_Api\vp_api_supervisor.h">
      <Filter>Header files</Filter>
    </ClInclude>
    <ClInclude Include="$(ProjectDir)\VP_SDK\VP_Api\vp_api_thread_helper.h">
      <Filter>Header files</Filter>
    </ClInclude>
    <ClInclude Include="$(ProjectDir)\VP_SDK\VP_Com\vp_com.h">
      <Filter>Header files</Filter>
    </ClInclude>
    <ClInclude Include="$(ProjectDir)\VP_SDK\VP_Com\vp_com_bluetooth.h">
      <Filter>Header files</Filter>
    </ClInclude>
    <ClInclude Include="$(ProjectDir)\VP_SDK\VP_Com\Win32\vp_com_config_itf.h">
      <Filter>Header files</Filter>
    </ClInclude>
    <ClInclude Include="$(ProjectDir)\VP_SDK\VP_Com\vp_com_error.h">
      <Filter>Header files</Filter>
    </ClInclude>
    <ClInclude Include="$(ProjectDir)\VP_SDK\VP_Com\vp_com_serial.h">
      <Filter>Header files</Filter>
    </ClInclude>
    <ClInclude Include="$(ProjectDir)\VP_SDK\VP_Com\vp_com_socket.h">
      <Filter>Header files</Filter>
    </ClInclude>
    <ClInclude Include="$(ProjectDir)\VP_SDK\VP_Com\vp_com_wifi.h">
      <Filter>Header files</Filter>
    </ClInclude>
    <ClInclude Include="$(ProjectDir)\VP_SDK\VP_Com\vp_com_wired.h">
      <Filter>Header files</Filter>
    </ClInclude>
    <ClInclude Include="$(ProjectDir)\VP_SDK\VP_Os\vp_os.h">
      <Filter>Header files</Filter>
    </ClInclude>
    <ClInclude Include="$(ProjectDir)\VP_SDK\VP_Os\vp_os_assert.h">
      <Filter>Header files</Filter>
    </ClInclude>
    <ClInclude Include="$(ProjectDir)\VP_SDK\VP_Os\vp_os_delay.h">
      <Filter>Header files</Filter>
    </ClInclude>
    <ClInclude Include="$(ProjectDir)\VP_SDK\VP_Os\vp_os_error_handling.h">
      <Filter>Header files</Filter>
    </ClInclude>
    <ClInclude Include="$(ProjectDir)\VP_SDK\VP_Os\vp_os_malloc.h">
      <Filter>Header files</Filter>
    </ClInclude>
    <ClInclude Include="$(ProjectDir)\VP_SDK\VP_Os\vp_os_print.h">
      <Filter>Header files</Filter>
    </ClInclude>
    <ClInclude Include="$(ProjectDir)\VP_SDK\VP_Os\vp_os_rtmon.h">
      <Filter>Header files</Filter>
    </ClInclude>
    <ClInclude Include="$(ProjectDir)\VP_SDK\VP_Os\win32\vp_os_serial.h">
      <Filter>Header files</Filter>
    </ClInclude>
    <ClInclude Include="$(ProjectDir)\VP_SDK\VP_Os\elinux\vp_os_serial.h">
      <Filter>Header files</Filter>
    </ClInclude>
    <ClInclude Include="$(ProjectDir)\VP_SDK\VP_Os\linux\vp_os_serial.h">
      <Filter>Header files</Filter>
    </ClInclude>
    <ClInclude Include="$(ProjectDir)\VP_SDK\VP_Os\vp_os_signal.h">
      <Filter>Header files</Filter>
    </ClInclude>
    <ClInclude Include="$(ProjectDir)\VP_SDK\VP_Os\win32\vp_os_signal_dep.h">
      <Filter>Header files</Filter>
    </ClInclude>
    <ClInclude Include="$(ProjectDir)\VP_SDK\VP_Os\vp_os_thread.h">
      <Filter>Header files</Filter>
    </ClInclude>
    <ClInclude Include="$(ProjectDir)\VP_SDK\VP_Os\win32\vp_os_thread_dep.h">
      <Filter>Header files</Filter>
    </ClInclude>
    <ClInclude Include="$(ProjectDir)\VP_SDK\VP_Os\vp_os_types.h">
      <Filter>Header files</Filter>
    </ClInclude>
    <ClInclude Include="$(ProjectDir)\VP_SDK\VP_Stages\vp_stages_buffer_to_picture.h">
      <Filter>Header files</Filter>
    </ClInclude>
    <ClInclude Include="$(ProjectDir)\VP_SDK\VP_Stages\vp_stages_configs.h">
      <Filter>Header files</Filter>
    </ClInclude>
    <ClInclude Include="$(ProjectDir)\VP_SDK\VP_Stages\vp_stages_frame_pipe.h">
      <Filter>Header files</Filter>
    </ClInclude>
    <ClInclude Include="$(ProjectDir)\VP_SDK\VP_Stages\vp_stages_i_camif.h">
      <Filter>Header files</Filter>
    </ClInclude>
    <ClInclude Include="$(ProjectDir)\VP_SDK\VP_Stages\vp_stages_io_buffer.h">
      <Filter>Header files</Filter>
    </ClInclude>
    <ClInclude Include="$(ProjectDir)\VP_SDK\VP_Stages\vp_stages_io_com.h">
      <Filter>Header files</Filter>
    </ClInclude>
    <ClInclude Include="$(ProjectDir)\VP_SDK\VP_Stages\vp_stages_io_console.h">
      <Filter>Header files</Filter>
    </ClInclude>
    <ClInclude Include="$(ProjectDir)\VP_SDK\VP_Stages\vp_stages_io_file.h">
      <Filter>Header files</Filter>
    </ClInclude>
    <ClInclude Include="$(ProjectDir)\VP_SDK\VP_Stages\vp_stages_o_sdl.h">
      <Filter>Header files</Filter>
    </ClInclude>
    <ClInclude Include="$(ProjectDir)\VP_SDK\VP_Stages\vp_stages_yuv2rgb.h">
      <Filter>Header files</Filter>
    </ClInclude>
  </ItemGroup>
  <ItemGroup>
    <None Include="..\ParrotLicense.txt" />
    <None Include="..\ParrotCopyrightAndDisclaimer.txt" />
  </ItemGroup>
</Project>